Microsoft Visual Studio Solution File, Format Version 12.00
# Visual Studio Version 17
VisualStudioVersion = 17.5.2.0
MinimumVisualStudioVersion = 10.0.40219.1
Project("{FAE04EC0-301F-11D3-BF4B-00C04F79EFBC}") = "Module 1", "Module 1\Module 1.csproj", "{4DFF60AB-CBB2-7988-71FE-C5E87D9305D7}"
EndProject
Global
	GlobalSection(SolutionConfigurationPlatforms) = preSolution
		Debug|Any CPU = Debug|Any CPU
		Release|Any CPU = Release|Any CPU
	EndGlobalSection
	GlobalSection(ProjectConfigurationPlatforms) = postSolution
		{4DFF60AB-CBB2-7988-71FE-C5E87D9305D7}.Debug|Any CPU.ActiveCfg = Debug|Any CPU
		{4DFF60AB-CBB2-7988-71FE-C5E87D9305D7}.Debug|Any CPU.Build.0 = Debug|Any CPU
		{4DFF60AB-CBB2-7988-71FE-C5E87D9305D7}.Release|Any CPU.ActiveCfg = Release|Any CPU
		{4DFF60AB-CBB2-7988-71FE-C5E87D9305D7}.Release|Any CPU.Build.0 = Release|Any CPU
	EndGlobalSection
	GlobalSection(SolutionProperties) = preSolution
		HideSolutionNode = FALSE
	EndGlobalSection
	GlobalSection(ExtensibilityGlobals) = postSolution
		SolutionGuid = {8A171103-5EDE-4ECC-8575-278DFB6B7159}
	EndGlobalSection
EndGlobal
