Microsoft Visual Studio Solution File, Format Version 12.00
# Visual Studio Version 17
VisualStudioVersion = 17.0.31912.196
MinimumVisualStudioVersion = 10.0.40219.1
Project("{FAE04EC0-301F-11D3-BF4B-00C04F79EFBC}") = "RecipeBookApp", "RecipeBookApp.csproj", "{D4E8B1E3-5B3F-4B3B-8B6C-5E6B5A1D7E3D}"
EndProject
Global
    GlobalSection(SolutionConfigurationPlatforms) = preSolution
        Debug|Any CPU = Debug|Any CPU
        Release|Any CPU = Release|Any CPU
    EndGlobalSection
    GlobalSection(ProjectConfigurationPlatforms) = postSolution
        {D4E8B1E3-5B3F-4B3B-8B6C-5E6B5A1D7E3D}.Debug|Any CPU.ActiveCfg = Debug|Any CPU
        {D4E8B1E3-5B3F-4B3B-8B6C-5E6B5A1D7E3D}.Debug|Any CPU.Build.0 = Debug|Any CPU
        {D4E8B1E3-5B3F-4B3B-8B6C-5E6B5A1D7E3D}.Release|Any CPU.ActiveCfg = Release|Any CPU
        {D4E8B1E3-5B3F-4B3B-8B6C-5E6B5A1D7E3D}.Release|Any CPU.Build.0 = Release|Any CPU
    EndGlobalSection
EndGlobal